
Microsoft Visual Studio Solution File, Format Version 12.00
# Visual Studio Version 17
VisualStudioVersion = 17.2.32616.157
MinimumVisualStudioVersion = 10.0.40219.1
Project("{FAE04EC0-301F-11D3-BF4B-00C04F79EFBC}") = "WindowsFormsApp1", "WindowsFormsApp1.csproj", "{CC8BC473-8B82-47FD-BDD4-BF7C56F3DE70}"
EndProject
Global
	GlobalSection(SolutionConfigurationPlatforms) = preSolution
		Debug|Any CPU = Debug|Any CPU
		Release|Any CPU = Release|Any CPU
	EndGlobalSection
	GlobalSection(ProjectConfigurationPlatforms) = postSolution
		{CC8BC473-8B82-47FD-BDD4-BF7C56F3DE70}.Debug|Any CPU.ActiveCfg = Debug|Any CPU
		{CC8BC473-8B82-47FD-BDD4-BF7C56F3DE70}.Debug|Any CPU.Build.0 = Debug|Any CPU
		{CC8BC473-8B82-47FD-BDD4-BF7C56F3DE70}.Release|Any CPU.ActiveCfg = Release|Any CPU
		{CC8BC473-8B82-47FD-BDD4-BF7C56F3DE70}.Release|Any CPU.Build.0 = Release|Any CPU
	EndGlobalSection
	GlobalSection(SolutionProperties) = preSolution
		HideSolutionNode = FALSE
	EndGlobalSection
	GlobalSection(ExtensibilityGlobals) = postSolution
		SolutionGuid = {E80FFE99-53FA-4563-8A33-544D85E02C63}
	EndGlobalSection
EndGlobal
